
Microsoft Visual Studio Solution File, Format Version 12.00
# Visual Studio 15
VisualStudioVersion = 15.0.28307.572
MinimumVisualStudioVersion = 10.0.40219.1
Project("{FAE04EC0-301F-11D3-BF4B-00C04F79EFBC}") = "BioscoopKillerApp", "BioscoopKillerApp\BioscoopKillerApp.csproj", "{F6E0B777-DC9A-44E6-B6E5-EAB261051985}"
EndProject
Project("{FAE04EC0-301F-11D3-BF4B-00C04F79EFBC}") = "DAL", "DAL\DAL.csproj", "{662AEDA0-88D4-41A7-B60A-716548AE3A96}"
EndProject
Project("{FAE04EC0-301F-11D3-BF4B-00C04F79EFBC}") = "Models", "Models\Models.csproj", "{5268CE1A-BADB-4E6B-97A9-8766C6936C08}"
EndProject
Project("{FAE04EC0-301F-11D3-BF4B-00C04F79EFBC}") = "Logic", "Logic\Logic.csproj", "{2FAF262B-2488-4F0A-BC67-9BBE9FB15C57}"
EndProject
Global
	GlobalSection(SolutionConfigurationPlatforms) = preSolution
		Debug|Any CPU = Debug|Any CPU
		Release|Any CPU = Release|Any CPU
	EndGlobalSection
	GlobalSection(ProjectConfigurationPlatforms) = postSolution
		{F6E0B777-DC9A-44E6-B6E5-EAB261051985}.Debug|Any CPU.ActiveCfg = Debug|Any CPU
		{F6E0B777-DC9A-44E6-B6E5-EAB261051985}.Debug|Any CPU.Build.0 = Debug|Any CPU
		{F6E0B777-DC9A-44E6-B6E5-EAB261051985}.Release|Any CPU.ActiveCfg = Release|Any CPU
		{F6E0B777-DC9A-44E6-B6E5-EAB261051985}.Release|Any CPU.Build.0 = Release|Any CPU
		{662AEDA0-88D4-41A7-B60A-716548AE3A96}.Debug|Any CPU.ActiveCfg = Debug|Any CPU
		{662AEDA0-88D4-41A7-B60A-716548AE3A96}.Debug|Any CPU.Build.0 = Debug|Any CPU
		{662AEDA0-88D4-41A7-B60A-716548AE3A96}.Release|Any CPU.ActiveCfg = Release|Any CPU
		{662AEDA0-88D4-41A7-B60A-716548AE3A96}.Release|Any CPU.Build.0 = Release|Any CPU
		{5268CE1A-BADB-4E6B-97A9-8766C6936C08}.Debug|Any CPU.ActiveCfg = Debug|Any CPU
		{5268CE1A-BADB-4E6B-97A9-8766C6936C08}.Debug|Any CPU.Build.0 = Debug|Any CPU
		{5268CE1A-BADB-4E6B-97A9-8766C6936C08}.Release|Any CPU.ActiveCfg = Release|Any CPU
		{5268CE1A-BADB-4E6B-97A9-8766C6936C08}.Release|Any CPU.Build.0 = Release|Any CPU
		{2FAF262B-2488-4F0A-BC67-9BBE9FB15C57}.Debug|Any CPU.ActiveCfg = Debug|Any CPU
		{2FAF262B-2488-4F0A-BC67-9BBE9FB15C57}.Debug|Any CPU.Build.0 = Debug|Any CPU
		{2FAF262B-2488-4F0A-BC67-9BBE9FB15C57}.Release|Any CPU.ActiveCfg = Release|Any CPU
		{2FAF262B-2488-4F0A-BC67-9BBE9FB15C57}.Release|Any CPU.Build.0 = Release|Any CPU
	EndGlobalSection
	GlobalSection(SolutionProperties) = preSolution
		HideSolutionNode = FALSE
	EndGlobalSection
	GlobalSection(ExtensibilityGlobals) = postSolution
		SolutionGuid = {35FF0D23-7CF9-40D1-AC17-47779538BDFA}
	EndGlobalSection
EndGlobal
